{
  "name": "offset_updater",
  "version": "1.0.0",
  "lockfileVersion": 3,
  "requires": true,
  "packages": {
    "": {
      "name": "offset_updater",
      "version": "1.0.0",
      "license": "ISC",
      "dependencies": {
        "chalk": "^5.3.0",
        "hex2dec": "^1.1.2",
        "hexoid": "^1.0.0",
        "patternfinder": "^0.0.1",
        "read-chunk": "^4.0.3",
        "readline-sync": "^1.4.10"
      }
    },
    "node_modules/chalk": {
      "version": "5.3.0",
      "resolved": "https://registry.npmjs.org/chalk/-/chalk-5.3.0.tgz",
      "integrity": "sha512-dLitG79d+GV1Nb/VYcCDFivJeK1hiukt9QjRNVOsUtTy1rR1YJsmpGGTZ3qJos+uw7WmWF4wUwBd9jxjocFC2w==",
      "engines": {
        "node": "^12.17.0 || ^14.13 || >=16.0.0"
      },
      "funding": {
        "url": "https://github.com/chalk/chalk?sponsor=1"
      }
    },
    "node_modules/hex2dec": {
      "version": "1.1.2",
      "resolved": "https://registry.npmjs.org/hex2dec/-/hex2dec-1.1.2.tgz",
      "integrity": "sha512-Yu+q/XWr2fFQ11tHxPq4p4EiNkb2y+lAacJNhAdRXVfRIcDH6gi7htWFnnlIzvqHMHoWeIsfXlNAjZInpAOJDA=="
    },
    "node_modules/hexoid": {
      "version": "1.0.0",
      "resolved": "https://registry.npmjs.org/hexoid/-/hexoid-1.0.0.tgz",
      "integrity": "sha512-QFLV0taWQOZtvIRIAdBChesmogZrtuXvVWsFHZTk2SU+anspqZ2vMnoLg7IE1+Uk16N19APic1BuF8bC8c2m5g==",
      "engines": {
        "node": ">=8"
      }
    },
    "node_modules/patternfinder": {
      "version": "0.0.1",
      "resolved": "https://registry.npmjs.org/patternfinder/-/patternfinder-0.0.1.tgz",
      "integrity": "sha512-fCyONKgZf+6mTwsf/RPt8Vcf6q0Fd4avnddAm3b2XImiKRSR81+RlYvV9KREwcLtB+XXIPAXAa0I4bI8O9aF0g=="
    },
    "node_modules/pify": {
      "version": "5.0.0",
      "resolved": "https://registry.npmjs.org/pify/-/pify-5.0.0.tgz",
      "integrity": "sha512-eW/gHNMlxdSP6dmG6uJip6FXN0EQBwm2clYYd8Wul42Cwu/DK8HEftzsapcNdYe2MfLiIwZqsDk2RDEsTE79hA==",
      "engines": {
        "node": ">=10"
      },
      "funding": {
        "url": "https://github.com/sponsors/sindresorhus"
      }
    },
    "node_modules/read-chunk": {
      "version": "4.0.3",
      "resolved": "https://registry.npmjs.org/read-chunk/-/read-chunk-4.0.3.tgz",
      "integrity": "sha512-wOYymxRWkxn3MlStSt7LxrMLRvynHKjzHVQPTCBbT29ViUwsT3EE09dE5iMDDGYQTL/s5TQZvBLuJTeZFeGQ4g==",
      "dependencies": {
        "pify": "^5.0.0"
      },
      "engines": {
        "node": "^12.20.0 || ^14.13.1 || >=16.0.0"
      },
      "funding": {
        "url": "https://github.com/sponsors/sindresorhus"
      }
    },
    "node_modules/readline-sync": {
      "version": "1.4.10",
      "resolved": "https://registry.npmjs.org/readline-sync/-/readline-sync-1.4.10.tgz",
      "integrity": "sha512-gNva8/6UAe8QYepIQH/jQ2qn91Qj0B9sYjMBBs3QOB8F2CXcKgLxQaJRP76sWVRQt+QU+8fAkCbCvjjMFu7Ycw==",
      "engines": {
        "node": ">= 0.8.0"
      }
    }
  }
}
